Microsoft Visual Studio Solution File, Format Version 12.00
# Visual Studio Version 16
VisualStudioVersion = 16.0.34031.81
MinimumVisualStudioVersion = 10.0.40219.1
Project("{FAE04EC0-301F-11D3-BF4B-00C04F79EFBC}") = "WebBanQuanAo", "WebBanQuanAo\WebQuanAo.csproj", "{75695D0F-035B-41D0-9F55-E5358C7C7285}"
EndProject
Global
	GlobalSection(SolutionConfigurationPlatforms) = preSolution
		Debug|Any CPU = Debug|Any CPU
		Release|Any CPU = Release|Any CPU
	EndGlobalSection
	GlobalSection(ProjectConfigurationPlatforms) = postSolution
		{75695D0F-035B-41D0-9F55-E5358C7C7285}.Debug|Any CPU.ActiveCfg = Debug|Any CPU
		{75695D0F-035B-41D0-9F55-E5358C7C7285}.Debug|Any CPU.Build.0 = Debug|Any CPU
		{75695D0F-035B-41D0-9F55-E5358C7C7285}.Release|Any CPU.ActiveCfg = Release|Any CPU
		{75695D0F-035B-41D0-9F55-E5358C7C7285}.Release|Any CPU.Build.0 = Release|Any CPU
	EndGlobalSection
	GlobalSection(SolutionProperties) = preSolution
		HideSolutionNode = FALSE
	EndGlobalSection
	GlobalSection(ExtensibilityGlobals) = postSolution
		SolutionGuid = {37D1DE5E-EE4C-476C-94A1-C69ADA466900}
	EndGlobalSection
EndGlobal
